
Microsoft Visual Studio Solution File, Format Version 12.00
# Visual Studio 15
VisualStudioVersion = 15.0.27703.2035
MinimumVisualStudioVersion = 10.0.40219.1
Project("{FAE04EC0-301F-11D3-BF4B-00C04F79EFBC}") = "WPFAppShell", "WPFAppShell\WPFAppShell.csproj", "{28ED05E3-A114-4858-9D7D-2800DC1D911F}"
EndProject
Project("{FAE04EC0-301F-11D3-BF4B-00C04F79EFBC}") = "Soupcan.Crawler", "Soupcan.Crawler\Soupcan.Crawler.csproj", "{73FB49FC-EA4A-4C83-9CE1-06227DAB1C3E}"
EndProject
Project("{FAE04EC0-301F-11D3-BF4B-00C04F79EFBC}") = "Soupcan.Crawler.Tests", "Soupcan.Crawler.Tests\Soupcan.Crawler.Tests.csproj", "{3616013C-82DA-4F4C-97B8-B70E92E0809C}"
EndProject
Global
	GlobalSection(SolutionConfigurationPlatforms) = preSolution
		Debug|Any CPU = Debug|Any CPU
		Release|Any CPU = Release|Any CPU
	EndGlobalSection
	GlobalSection(ProjectConfigurationPlatforms) = postSolution
		{28ED05E3-A114-4858-9D7D-2800DC1D911F}.Debug|Any CPU.ActiveCfg = Debug|Any CPU
		{28ED05E3-A114-4858-9D7D-2800DC1D911F}.Debug|Any CPU.Build.0 = Debug|Any CPU
		{28ED05E3-A114-4858-9D7D-2800DC1D911F}.Release|Any CPU.ActiveCfg = Release|Any CPU
		{28ED05E3-A114-4858-9D7D-2800DC1D911F}.Release|Any CPU.Build.0 = Release|Any CPU
		{73FB49FC-EA4A-4C83-9CE1-06227DAB1C3E}.Debug|Any CPU.ActiveCfg = Debug|Any CPU
		{73FB49FC-EA4A-4C83-9CE1-06227DAB1C3E}.Debug|Any CPU.Build.0 = Debug|Any CPU
		{73FB49FC-EA4A-4C83-9CE1-06227DAB1C3E}.Release|Any CPU.ActiveCfg = Release|Any CPU
		{73FB49FC-EA4A-4C83-9CE1-06227DAB1C3E}.Release|Any CPU.Build.0 = Release|Any CPU
		{3616013C-82DA-4F4C-97B8-B70E92E0809C}.Debug|Any CPU.ActiveCfg = Debug|Any CPU
		{3616013C-82DA-4F4C-97B8-B70E92E0809C}.Debug|Any CPU.Build.0 = Debug|Any CPU
		{3616013C-82DA-4F4C-97B8-B70E92E0809C}.Release|Any CPU.ActiveCfg = Release|Any CPU
		{3616013C-82DA-4F4C-97B8-B70E92E0809C}.Release|Any CPU.Build.0 = Release|Any CPU
	EndGlobalSection
	GlobalSection(SolutionProperties) = preSolution
		HideSolutionNode = FALSE
	EndGlobalSection
	GlobalSection(ExtensibilityGlobals) = postSolution
		SolutionGuid = {6DE5BBAA-378A-46AD-BA44-FF9273F3FABB}
	EndGlobalSection
EndGlobal
